
Microsoft Visual Studio Solution File, Format Version 12.00
# Visual Studio Version 16
VisualStudioVersion = 16.0.29911.84
MinimumVisualStudioVersion = 10.0.40219.1
Project("{9A19103F-16F7-4668-BE54-9A1E7A4F7556}") = "bertoni", "bertoni\bertoni.csproj", "{7203CEE0-0159-44B2-A114-E04E88F9B6CA}"
EndProject
Global
	GlobalSection(SolutionConfigurationPlatforms) = preSolution
		Debug|Any CPU = Debug|Any CPU
		Release|Any CPU = Release|Any CPU
	EndGlobalSection
	GlobalSection(ProjectConfigurationPlatforms) = postSolution
		{7203CEE0-0159-44B2-A114-E04E88F9B6CA}.Debug|Any CPU.ActiveCfg = Debug|Any CPU
		{7203CEE0-0159-44B2-A114-E04E88F9B6CA}.Debug|Any CPU.Build.0 = Debug|Any CPU
		{7203CEE0-0159-44B2-A114-E04E88F9B6CA}.Release|Any CPU.ActiveCfg = Release|Any CPU
		{7203CEE0-0159-44B2-A114-E04E88F9B6CA}.Release|Any CPU.Build.0 = Release|Any CPU
	EndGlobalSection
	GlobalSection(SolutionProperties) = preSolution
		HideSolutionNode = FALSE
	EndGlobalSection
	GlobalSection(ExtensibilityGlobals) = postSolution
		SolutionGuid = {2B3873F6-EAF8-435F-95D5-7CA03BE98266}
	EndGlobalSection
EndGlobal
